// !$*UTF8*$!
{
	archiveVersion = 1;
	classes = {
	};
	objectVersion = 46;
	objects = {

/* Begin PBXBuildFile section */
		516B425F19A5BBEA00E9C2F8 /* AppDelegate.swift in Sources */ = {isa = PBXBuildFile; fileRef = 516B425E19A5BBEA00E9C2F8 /* AppDelegate.swift */; };
		516B426119A5BBEA00E9C2F8 /* ViewController.swift in Sources */ = {isa = PBXBuildFile; fileRef = 516B426019A5BBEA00E9C2F8 /* ViewController.swift */; };
		516B426419A5BBEA00E9C2F8 /* Main.storyboard in Resources */ = {isa = PBXBuildFile; fileRef = 516B426219A5BBEA00E9C2F8 /* Main.storyboard */; };
		516B426619A5BBEA00E9C2F8 /* Images.xcassets in Resources */ = {isa = PBXBuildFile; fileRef = 516B426519A5BBEA00E9C2F8 /* Images.xcassets */; };
		516B427219A5BBEA00E9C2F8 /* TipsTests.swift in Sources */ = {isa = PBXBuildFile; fileRef = 516B427119A5BBEA00E9C2F8 /* TipsTests.swift */; };
/* End PBXBuildFile section */

/* Begin PBXContainerItemProxy section */
		516B426C19A5BBEA00E9C2F8 /* PBXContainerItemProxy */ = {
			isa = PBXContainerItemProxy;
			containerPortal = 516B425119A5BBEA00E9C2F8 /* Project object */;
			proxyType = 1;
			remoteGlobalIDString = 516B425819A5BBEA00E9C2F8;
			remoteInfo = Tips;
		};
/* End PBXContainerItemProxy section */

/* Begin PBXFileReference section */
		516B425919A5BBEA00E9C2F8 /* Tips.app */ = {isa = PBXFileReference; explicitFileType = wrapper.application; includeInIndex = 0; path = Tips.app; sourceTree = BUILT_PRODUCTS_DIR; };
		516B425D19A5BBEA00E9C2F8 /* Info.plist */ = {isa = PBXFileReference; lastKnownFileType = text.plist.xml; path = Info.plist; sourceTree = "<group>"; };
		516B425E19A5BBEA00E9C2F8 /* AppDelegate.swift */ = {isa = PBXFileReference; lastKnownFileType = sourcecode.swift; path = AppDelegate.swift; sourceTree = "<group>"; };
		516B426019A5BBEA00E9C2F8 /* ViewController.swift */ = {isa = PBXFileReference; lastKnownFileType = sourcecode.swift; path = ViewController.swift; sourceTree = "<group>"; };
		516B426319A5BBEA00E9C2F8 /* Base */ = {isa = PBXFileReference; lastKnownFileType = file.storyboard; name = Base; path = Base.lproj/Main.storyboard; sourceTree = "<group>"; };
		516B426519A5BBEA00E9C2F8 /* Images.xcassets */ = {isa = PBXFileReference; lastKnownFileType = folder.assetcatalog; path = Images.xcassets; sourceTree = "<group>"; };
		516B426B19A5BBEA00E9C2F8 /* TipsTests.xctest */ = {isa = PBXFileReference; explicitFileType = wrapper.cfbundle; includeInIndex = 0; path = TipsTests.xctest; sourceTree = BUILT_PRODUCTS_DIR; };
		516B427019A5BBEA00E9C2F8 /* Info.plist */ = {isa = PBXFileReference; lastKnownFileType = text.plist.xml; path = Info.plist; sourceTree = "<group>"; };
		516B427119A5BBEA00E9C2F8 /* TipsTests.swift */ = {isa = PBXFileReference; lastKnownFileType = sourcecode.swift; path = TipsTests.swift; sourceTree = "<group>"; };
/* End PBXFileReference section */

/* Begin PBXFrameworksBuildPhase section */
		516B425619A5BBEA00E9C2F8 /* Frameworks */ = {
			isa = PBXFrameworksBuildPhase;
			buildActionMask = 2147483647;
			files = (
			);
			runOnlyForDeploymentPostprocessing = 0;
		};
		516B426819A5BBEA00E9C2F8 /* Frameworks */ = {
			isa = PBXFrameworksBuildPhase;
			buildActionMask = 2147483647;
			files = (
			);
			runOnlyForDeploymentPostprocessing = 0;
		};
/* End PBXFrameworksBuildPhase section */

/* Begin PBXGroup section */
		516B425019A5BBEA00E9C2F8 = {
			isa = PBXGroup;
			children = (
				516B425B19A5BBEA00E9C2F8 /* Tips */,
				516B426E19A5BBEA00E9C2F8 /* TipsTests */,
				516B425A19A5BBEA00E9C2F8 /* Products */,
			);
			sourceTree = "<group>";
		};
		516B425A19A5BBEA00E9C2F8 /* Products */ = {
			isa = PBXGroup;
			children = (
				516B425919A5BBEA00E9C2F8 /* Tips.app */,
				516B426B19A5BBEA00E9C2F8 /* TipsTests.xctest */,
			);
			name = Products;
			sourceTree = "<group>";
		};
		516B425B19A5BBEA00E9C2F8 /* Tips */ = {
			isa = PBXGroup;
			children = (
				516B425E19A5BBEA00E9C2F8 /* AppDelegate.swift */,
				516B426019A5BBEA00E9C2F8 /* ViewController.swift */,
				516B426219A5BBEA00E9C2F8 /* Main.storyboard */,
				516B426519A5BBEA00E9C2F8 /* Images.xcassets */,
				516B425C19A5BBEA00E9C2F8 /* Supporting Files */,
			);
			path = Tips;
			sourceTree = "<group>";
		};
		516B425C19A5BBEA00E9C2F8 /* Supporting Files */ = {
			isa = PBXGroup;
			children = (
				516B425D19A5BBEA00E9C2F8 /* Info.plist */,
			);
			name = "Supporting Files";
			sourceTree = "<group>";
		};
		516B426E19A5BBEA00E9C2F8 /* TipsTests */ = {
			isa = PBXGroup;
			children = (
				516B427119A5BBEA00E9C2F8 /* TipsTests.swift */,
				516B426F19A5BBEA00E9C2F8 /* Supporting Files */,
			);
			path = TipsTests;
			sourceTree = "<group>";
		};
		516B426F19A5BBEA00E9C2F8 /* Supporting Files */ = {
			isa = PBXGroup;
			children = (
				516B427019A5BBEA00E9C2F8 /* Info.plist */,
			);
			name = "Supporting Files";
			sourceTree = "<group>";
		};
/* End PBXGroup section */

/* Begin PBXNativeTarget section */
		516B425819A5BBEA00E9C2F8 /* Tips */ = {
			isa = PBXNativeTarget;
			buildConfigurationList = 516B427519A5BBEA00E9C2F8 /* Build configuration list for PBXNativeTarget "Tips" */;
			buildPhases = (
				516B425519A5BBEA00E9C2F8 /* Sources */,
				516B425619A5BBEA00E9C2F8 /* Frameworks */,
				516B425719A5BBEA00E9C2F8 /* Resources */,
			);
			buildRules = (
			);
			dependencies = (
			);
			name = Tips;
			productName = Tips;
			productReference = 516B425919A5BBEA00E9C2F8 /* Tips.app */;
			productType = "com.apple.product-type.application";
		};
		516B426A19A5BBEA00E9C2F8 /* TipsTests */ = {
			isa = PBXNativeTarget;
			buildConfigurationList = 516B427819A5BBEA00E9C2F8 /* Build configuration list for PBXNativeTarget "TipsTests" */;
			buildPhases = (
				516B426719A5BBEA00E9C2F8 /* Sources */,
				516B426819A5BBEA00E9C2F8 /* Frameworks */,
				516B426919A5BBEA00E9C2F8 /* Resources */,
			);
			buildRules = (
			);
			dependencies = (
				516B426D19A5BBEA00E9C2F8 /* PBXTargetDependency */,
			);
			name = TipsTests;
			productName = TipsTests;
			productReference = 516B426B19A5BBEA00E9C2F8 /* TipsTests.xctest */;
			productType = "com.apple.product-type.bundle.unit-test";
		};
/* End PBXNativeTarget section */

/* Begin PBXProject section */
		516B425119A5BBEA00E9C2F8 /* Project object */ = {
			isa = PBXProject;
			attributes = {
				LastUpgradeCheck = 0600;
				ORGANIZATIONNAME = "Feng Gao";
				TargetAttributes = {
					516B425819A5BBEA00E9C2F8 = {
						CreatedOnToolsVersion = 6.0;
					};
					516B426A19A5BBEA00E9C2F8 = {
						CreatedOnToolsVersion = 6.0;
						TestTargetID = 516B425819A5BBEA00E9C2F8;
					};
				};
			};
			buildConfigurationList = 516B425419A5BBEA00E9C2F8 /* Build configuration list for PBXProject "Tips" */;
			compatibilityVersion = "Xcode 3.2";
			developmentRegion = English;
			hasScannedForEncodings = 0;
			knownRegions = (
				en,
				Base,
			);
			mainGroup = 516B425019A5BBEA00E9C2F8;
			productRefGroup = 516B425A19A5BBEA00E9C2F8 /* Products */;
			projectDirPath = "";
			projectRoot = "";
			targets = (
				516B425819A5BBEA00E9C2F8 /* Tips */,
				516B426A19A5BBEA00E9C2F8 /* TipsTests */,
			);
		};
/* End PBXProject section */

/* Begin PBXResourcesBuildPhase section */
		516B425719A5BBEA00E9C2F8 /* Resources */ = {
			isa = PBXResourcesBuildPhase;
			buildActionMask = 2147483647;
			files = (
				516B426419A5BBEA00E9C2F8 /* Main.storyboard in Resources */,
				516B426619A5BBEA00E9C2F8 /* Images.xcassets in Resources */,
			);
			runOnlyForDeploymentPostprocessing = 0;
		};
		516B426919A5BBEA00E9C2F8 /* Resources */ = {
			isa = PBXResourcesBuildPhase;
			buildActionMask = 2147483647;
			files = (
			);
			runOnlyForDeploymentPostprocessing = 0;
		};
/* End PBXResourcesBuildPhase section */

/* Begin PBXSourcesBuildPhase section */
		516B425519A5BBEA00E9C2F8 /* Sources */ = {
			isa = PBXSourcesBuildPhase;
			buildActionMask = 2147483647;
			files = (
				516B426119A5BBEA00E9C2F8 /* ViewController.swift in Sources */,
				516B425F19A5BBEA00E9C2F8 /* AppDelegate.swift in Sources */,
			);
			runOnlyForDeploymentPostprocessing = 0;
		};
		516B426719A5BBEA00E9C2F8 /* Sources */ = {
			isa = PBXSourcesBuildPhase;
			buildActionMask = 2147483647;
			files = (
				516B427219A5BBEA00E9C2F8 /* TipsTests.swift in Sources */,
			);
			runOnlyForDeploymentPostprocessing = 0;
		};
/* End PBXSourcesBuildPhase section */

/* Begin PBXTargetDependency section */
		516B426D19A5BBEA00E9C2F8 /* PBXTargetDependency */ = {
			isa = PBXTargetDependency;
			target = 516B425819A5BBEA00E9C2F8 /* Tips */;
			targetProxy = 516B426C19A5BBEA00E9C2F8 /* PBXContainerItemProxy */;
		};
/* End PBXTargetDependency section */

/* Begin PBXVariantGroup section */
		516B426219A5BBEA00E9C2F8 /* Main.storyboard */ = {
			isa = PBXVariantGroup;
			children = (
				516B426319A5BBEA00E9C2F8 /* Base */,
			);
			name = Main.storyboard;
			sourceTree = "<group>";
		};
/* End PBXVariantGroup section */

/* Begin XCBuildConfiguration section */
		516B427319A5BBEA00E9C2F8 /* Debug */ = {
			isa = XCBuildConfiguration;
			buildSettings = {
				ALWAYS_SEARCH_USER_PATHS = NO;
				CLANG_CXX_LANGUAGE_STANDARD = "gnu++0x";
				CLANG_CXX_LIBRARY = "libc++";
				CLANG_ENABLE_MODULES = YES;
				CLANG_ENABLE_OBJC_ARC = YES;
				CLANG_WARN_BOOL_CONVERSION = YES;
				CLANG_WARN_CONSTANT_CONVERSION = YES;
				CLANG_WARN_DIRECT_OBJC_ISA_USAGE = YES_ERROR;
				CLANG_WARN_EMPTY_BODY = YES;
				CLANG_WARN_ENUM_CONVERSION = YES;
				CLANG_WARN_INT_CONVERSION = YES;
				CLANG_WARN_OBJC_ROOT_CLASS = YES_ERROR;
				CLANG_WARN_UNREACHABLE_CODE = YES;
				CLANG_WARN__DUPLICATE_METHOD_MATCH = YES;
				"CODE_SIGN_IDENTITY[sdk=iphoneos*]" = "iPhone Developer";
				COPY_PHASE_STRIP = NO;
				ENABLE_STRICT_OBJC_MSGSEND = YES;
				GCC_C_LANGUAGE_STANDARD = gnu99;
				GCC_DYNAMIC_NO_PIC = NO;
				GCC_OPTIMIZATION_LEVEL = 0;
				GCC_PREPROCESSOR_DEFINITIONS = (
					"DEBUG=1",
					"$(inherited)",
				);
				GCC_SYMBOLS_PRIVATE_EXTERN = NO;
				GCC_WARN_64_TO_32_BIT_CONVERSION = YES;
				GCC_WARN_ABOUT_RETURN_TYPE = YES_ERROR;
				GCC_WARN_UNDECLARED_SELECTOR = YES;
				GCC_WARN_UNINITIALIZED_AUTOS = YES_AGGRESSIVE;
				GCC_WARN_UNUSED_FUNCTION = YES;
				GCC_WARN_UNUSED_VARIABLE = YES;
				IPHONEOS_DEPLOYMENT_TARGET = 8.0;
				MTL_ENABLE_DEBUG_INFO = YES;
				ONLY_ACTIVE_ARCH = YES;
				SDKROOT = iphoneos;
				SWIFT_OPTIMIZATION_LEVEL = "-Onone";
			};
			name = Debug;
		};
		516B427419A5BBEA00E9C2F8 /* Release */ = {
			isa = XCBuildConfiguration;
			buildSettings = {
				ALWAYS_SEARCH_USER_PATHS = NO;
				CLANG_CXX_LANGUAGE_STANDARD = "gnu++0x";
				CLANG_CXX_LIBRARY = "libc++";
				CLANG_ENABLE_MODULES = YES;
				CLANG_ENABLE_OBJC_ARC = YES;
				CLANG_WARN_BOOL_CONVERSION = YES;
				CLANG_WARN_CONSTANT_CONVERSION = YES;
				CLANG_WARN_DIRECT_OBJC_ISA_USAGE = YES_ERROR;
				CLANG_WARN_EMPTY_BODY = YES;
				CLANG_WARN_ENUM_CONVERSION = YES;
				CLANG_WARN_INT_CONVERSION = YES;
				CLANG_WARN_OBJC_ROOT_CLASS = YES_ERROR;
				CLANG_WARN_UNREACHABLE_CODE = YES;
				CLANG_WARN__DUPLICATE_METHOD_MATCH = YES;
				"CODE_SIGN_IDENTITY[sdk=iphoneos*]" = "iPhone Developer";
				COPY_PHASE_STRIP = YES;
				ENABLE_NS_ASSERTIONS = NO;
				ENABLE_STRICT_OBJC_MSGSEND = YES;
				GCC_C_LANGUAGE_STANDARD = gnu99;
				GCC_WARN_64_TO_32_BIT_CONVERSION = YES;
				GCC_WARN_ABOUT_RETURN_TYPE = YES_ERROR;
				GCC_WARN_UNDECLARED_SELECTOR = YES;
				GCC_WARN_UNINITIALIZED_AUTOS = YES_AGGRESSIVE;
				GCC_WARN_UNUSED_FUNCTION = YES;
				GCC_WARN_UNUSED_VARIABLE = YES;
				IPHONEOS_DEPLOYMENT_TARGET = 8.0;
				MTL_ENABLE_DEBUG_INFO = NO;
				SDKROOT = iphoneos;
				VALIDATE_PRODUCT = YES;
			};
			name = Release;
		};
		516B427619A5BBEA00E9C2F8 /* Debug */ = {
			isa = XCBuildConfiguration;
			buildSettings = {
				ASSETCATALOG_COMPILER_APPICON_NAME = AppIcon;
				ASSETCATALOG_COMPILER_LAUNCHIMAGE_NAME = LaunchImage;
				INFOPLIST_FILE = Tips/Info.plist;
				IPHONEOS_DEPLOYMENT_TARGET = 7.0;
				LD_RUNPATH_SEARCH_PATHS = "$(inherited) @executable_path/Frameworks";
				PRODUCT_NAME = "$(TARGET_NAME)";
			};
			name = Debug;
		};
		516B427719A5BBEA00E9C2F8 /* Release */ = {
			isa = XCBuildConfiguration;
			buildSettings = {
				ASSETCATALOG_COMPILER_APPICON_NAME = AppIcon;
				ASSETCATALOG_COMPILER_LAUNCHIMAGE_NAME = LaunchImage;
				INFOPLIST_FILE = Tips/Info.plist;
				IPHONEOS_DEPLOYMENT_TARGET = 7.0;
				LD_RUNPATH_SEARCH_PATHS = "$(inherited) @executable_path/Frameworks";
				PRODUCT_NAME = "$(TARGET_NAME)";
			};
			name = Release;
		};
		516B427919A5BBEA00E9C2F8 /* Debug */ = {
			isa = XCBuildConfiguration;
			buildSettings = {
				BUNDLE_LOADER = "$(TEST_HOST)";
				FRAMEWORK_SEARCH_PATHS = (
					"$(SDKROOT)/Developer/Library/Frameworks",
					"$(inherited)",
				);
				GCC_PREPROCESSOR_DEFINITIONS = (
					"DEBUG=1",
					"$(inherited)",
				);
				INFOPLIST_FILE = TipsTests/Info.plist;
				LD_RUNPATH_SEARCH_PATHS = "$(inherited) @executable_path/Frameworks @loader_path/Frameworks";
				PRODUCT_NAME = "$(TARGET_NAME)";
				TEST_HOST = "$(BUILT_PRODUCTS_DIR)/Tips.app/Tips";
			};
			name = Debug;
		};
		516B427A19A5BBEA00E9C2F8 /* Release */ = {
			isa = XCBuildConfiguration;
			buildSettings = {
				BUNDLE_LOADER = "$(TEST_HOST)";
				FRAMEWORK_SEARCH_PATHS = (
					"$(SDKROOT)/Developer/Library/Frameworks",
					"$(inherited)",
				);
				INFOPLIST_FILE = TipsTests/Info.plist;
				LD_RUNPATH_SEARCH_PATHS = "$(inherited) @executable_path/Frameworks @loader_path/Frameworks";
				PRODUCT_NAME = "$(TARGET_NAME)";
				TEST_HOST = "$(BUILT_PRODUCTS_DIR)/Tips.app/Tips";
			};
			name = Release;
		};
/* End XCBuildConfiguration section */

/* Begin XCConfigurationList section */
		516B425419A5BBEA00E9C2F8 /* Build configuration list for PBXProject "Tips" */ = {
			isa = XCConfigurationList;
			buildConfigurations = (
				516B427319A5BBEA00E9C2F8 /* Debug */,
				516B427419A5BBEA00E9C2F8 /* Release */,
			);
			defaultConfigurationIsVisible = 0;
			defaultConfigurationName = Release;
		};
		516B427519A5BBEA00E9C2F8 /* Build configuration list for PBXNativeTarget "Tips" */ = {
			isa = XCConfigurationList;
			buildConfigurations = (
				516B427619A5BBEA00E9C2F8 /* Debug */,
				516B427719A5BBEA00E9C2F8 /* Release */,
			);
			defaultConfigurationIsVisible = 0;
		};
		516B427819A5BBEA00E9C2F8 /* Build configuration list for PBXNativeTarget "TipsTests" */ = {
			isa = XCConfigurationList;
			buildConfigurations = (
				516B427919A5BBEA00E9C2F8 /* Debug */,
				516B427A19A5BBEA00E9C2F8 /* Release */,
			);
			defaultConfigurationIsVisible = 0;
		};
/* End XCConfigurationList section */
	};
	rootObject = 516B425119A5BBEA00E9C2F8 /* Project object */;
}
